{
  "name": "Time schedule calculator",
  "lockfileVersion": 2,
  "requires": true,
  "packages": {
    "": {
      "name": "Time schedule calculator",
      "dependencies": {
        "nodeplotlib": "^0.7.7",
        "plotly": "^1.0.6",
        "readline-sync": "^1.4.10"
      }
    },
    "node_modules/@types/d3": {
      "version": "3.5.47",
      "resolved": "https://registry.npmjs.org/@types/d3/-/d3-3.5.47.tgz",
      "integrity": "sha512-VkWIQoZXLFdcBGe5pdBKJmTU3fmpXvo/KV6ixvTzOMl1yJ2hbTXpfvsziag0kcaerPDwas2T0vxojwQG3YwivQ=="
    },
    "node_modules/@types/plotly.js": {
      "version": "1.54.22",
      "resolved": "https://registry.npmjs.org/@types/plotly.js/-/plotly.js-1.54.22.tgz",
      "integrity": "sha512-/xL9++eA7VnIIZqNQOw6sZ7DtEmfoHj5rAD2CjU2LCOqem/BxTA1KlpdUWEHOiou6za4HKnM+Nvho3jTBPYJ/w==",
      "dependencies": {
        "@types/d3": "^3"
      }
    },
    "node_modules/minimist": {
      "version": "1.2.8",
      "resolved": "https://registry.npmjs.org/minimist/-/minimist-1.2.8.tgz",
      "integrity": "sha512-2yyAR8qBkN3YuheJanUpWC5U3bb5osDywNB8RzDVlDwDHbocAJveqqj1u8+SVD7jkWT4yvsHCpWqqWqAxb0zCA==",
      "funding": {
        "url": "https://github.com/sponsors/ljharb"
      }
    },
    "node_modules/mkdirp": {
      "version": "0.5.6",
      "resolved": "https://registry.npmjs.org/mkdirp/-/mkdirp-0.5.6.tgz",
      "integrity": "sha512-FP+p8RB8OWpF3YZBCrP5gtADmtXApB5AMLn+vdyA+PyxCjrCs00mjyUozssO33cwDeT3wNGdLxJ5M//YqtHAJw==",
      "dependencies": {
        "minimist": "^1.2.6"
      },
      "bin": {
        "mkdirp": "bin/cmd.js"
      }
    },
    "node_modules/nodeplotlib": {
      "version": "0.7.7",
      "resolved": "https://registry.npmjs.org/nodeplotlib/-/nodeplotlib-0.7.7.tgz",
      "integrity": "sha512-xlFwSzgA96eaYwG6NuB8O6B0nWNaLOWSCwFmrfS7kfyWZyMNOhgp+2gbCfsEcAqU4BHJnP8zZjn2KpT473Eh4A==",
      "dependencies": {
        "@types/plotly.js": "^1.54.16"
      }
    },
    "node_modules/plotly": {
      "version": "1.0.6",
      "resolved": "https://registry.npmjs.org/plotly/-/plotly-1.0.6.tgz",
      "integrity": "sha512-9DoPWfLJWxqXg6omu1Oj7qkvyOce0Nv+X+2SOoI9lG9mbvA7S/qGVHypwrGMV3r53ruW1Fl1A9a7ZIPt22FrpA==",
      "dependencies": {
        "mkdirp": "~0.5.0"
      }
    },
    "node_modules/readline-sync": {
      "version": "1.4.10",
      "resolved": "https://registry.npmjs.org/readline-sync/-/readline-sync-1.4.10.tgz",
      "integrity": "sha512-gNva8/6UAe8QYepIQH/jQ2qn91Qj0B9sYjMBBs3QOB8F2CXcKgLxQaJRP76sWVRQt+QU+8fAkCbCvjjMFu7Ycw==",
      "engines": {
        "node": ">= 0.8.0"
      }
    }
  },
  "dependencies": {
    "@types/d3": {
      "version": "3.5.47",
      "resolved": "https://registry.npmjs.org/@types/d3/-/d3-3.5.47.tgz",
      "integrity": "sha512-VkWIQoZXLFdcBGe5pdBKJmTU3fmpXvo/KV6ixvTzOMl1yJ2hbTXpfvsziag0kcaerPDwas2T0vxojwQG3YwivQ=="
    },
    "@types/plotly.js": {
      "version": "1.54.22",
      "resolved": "https://registry.npmjs.org/@types/plotly.js/-/plotly.js-1.54.22.tgz",
      "integrity": "sha512-/xL9++eA7VnIIZqNQOw6sZ7DtEmfoHj5rAD2CjU2LCOqem/BxTA1KlpdUWEHOiou6za4HKnM+Nvho3jTBPYJ/w==",
      "requires": {
        "@types/d3": "^3"
      }
    },
    "minimist": {
      "version": "1.2.8",
      "resolved": "https://registry.npmjs.org/minimist/-/minimist-1.2.8.tgz",
      "integrity": "sha512-2yyAR8qBkN3YuheJanUpWC5U3bb5osDywNB8RzDVlDwDHbocAJveqqj1u8+SVD7jkWT4yvsHCpWqqWqAxb0zCA=="
    },
    "mkdirp": {
      "version": "0.5.6",
      "resolved": "https://registry.npmjs.org/mkdirp/-/mkdirp-0.5.6.tgz",
      "integrity": "sha512-FP+p8RB8OWpF3YZBCrP5gtADmtXApB5AMLn+vdyA+PyxCjrCs00mjyUozssO33cwDeT3wNGdLxJ5M//YqtHAJw==",
      "requires": {
        "minimist": "^1.2.6"
      }
    },
    "nodeplotlib": {
      "version": "0.7.7",
      "resolved": "https://registry.npmjs.org/nodeplotlib/-/nodeplotlib-0.7.7.tgz",
      "integrity": "sha512-xlFwSzgA96eaYwG6NuB8O6B0nWNaLOWSCwFmrfS7kfyWZyMNOhgp+2gbCfsEcAqU4BHJnP8zZjn2KpT473Eh4A==",
      "requires": {
        "@types/plotly.js": "^1.54.16"
      }
    },
    "plotly": {
      "version": "1.0.6",
      "resolved": "https://registry.npmjs.org/plotly/-/plotly-1.0.6.tgz",
      "integrity": "sha512-9DoPWfLJWxqXg6omu1Oj7qkvyOce0Nv+X+2SOoI9lG9mbvA7S/qGVHypwrGMV3r53ruW1Fl1A9a7ZIPt22FrpA==",
      "requires": {
        "mkdirp": "~0.5.0"
      }
    },
    "readline-sync": {
      "version": "1.4.10",
      "resolved": "https://registry.npmjs.org/readline-sync/-/readline-sync-1.4.10.tgz",
      "integrity": "sha512-gNva8/6UAe8QYepIQH/jQ2qn91Qj0B9sYjMBBs3QOB8F2CXcKgLxQaJRP76sWVRQt+QU+8fAkCbCvjjMFu7Ycw=="
    }
  }
}
